
Microsoft Visual Studio Solution File, Format Version 12.00
# Visual Studio 2013
VisualStudioVersion = 12.0.31101.0
MinimumVisualStudioVersion = 10.0.40219.1
Project("{FAE04EC0-301F-11D3-BF4B-00C04F79EFBC}") = "ShoppingListApp.Web.UI.Test", "ShoppingListApp.Web.UI.Test\ShoppingListApp.Web.UI.Test.csproj", "{EC4C2304-280E-4D35-AA89-12975A84445F}"
EndProject
Project("{2150E333-8FDC-42A3-9474-1A3956D46DE8}") = "Solution Items", "Solution Items", "{81CD7E74-FE1B-499F-9C19-B35488DC6E96}"
	ProjectSection(SolutionItems) = preProject
		AllRules.ShoppingListApp.ruleset = AllRules.ShoppingListApp.ruleset
		Settings.StyleCop = Settings.StyleCop
	EndProjectSection
EndProject
Project("{2150E333-8FDC-42A3-9474-1A3956D46DE8}") = ".nuget", ".nuget", "{F2A4F99F-815B-4644-8A22-69AA54ECF662}"
	ProjectSection(SolutionItems) = preProject
		.nuget\packages.config = .nuget\packages.config
	EndProjectSection
EndProject
Project("{FAE04EC0-301F-11D3-BF4B-00C04F79EFBC}") = "ShoppingListApp.Web.UI", "..\ShoppingListApp\ShoppingListApp.Web.UI\ShoppingListApp.Web.UI.csproj", "{6AB97089-FC88-414A-A2F3-4961A51CFF5A}"
EndProject
Global
	GlobalSection(SolutionConfigurationPlatforms) = preSolution
		Debug|Any CPU = Debug|Any CPU
		Release|Any CPU = Release|Any CPU
	EndGlobalSection
	GlobalSection(ProjectConfigurationPlatforms) = postSolution
		{EC4C2304-280E-4D35-AA89-12975A84445F}.Debug|Any CPU.ActiveCfg = Debug|Any CPU
		{EC4C2304-280E-4D35-AA89-12975A84445F}.Debug|Any CPU.Build.0 = Debug|Any CPU
		{EC4C2304-280E-4D35-AA89-12975A84445F}.Release|Any CPU.ActiveCfg = Release|Any CPU
		{EC4C2304-280E-4D35-AA89-12975A84445F}.Release|Any CPU.Build.0 = Release|Any CPU
		{6AB97089-FC88-414A-A2F3-4961A51CFF5A}.Debug|Any CPU.ActiveCfg = Debug|Any CPU
		{6AB97089-FC88-414A-A2F3-4961A51CFF5A}.Release|Any CPU.ActiveCfg = Release|Any CPU
		{6AB97089-FC88-414A-A2F3-4961A51CFF5A}.Release|Any CPU.Build.0 = Release|Any CPU
	EndGlobalSection
	GlobalSection(SolutionProperties) = preSolution
		HideSolutionNode = FALSE
	EndGlobalSection
EndGlobal
